
Microsoft Visual Studio Solution File, Format Version 12.00
# Visual Studio Version 17
VisualStudioVersion = 17.9.34728.123
MinimumVisualStudioVersion = 10.0.40219.1
Project("{FAE04EC0-301F-11D3-BF4B-00C04F79EFBC}") = "2320559vdeo04", "2320559vdeo04\2320559vdeo04.csproj", "{31526B45-1956-487C-A174-EF4C774615B7}"
EndProject
Global
	GlobalSection(SolutionConfigurationPlatforms) = preSolution
		Debug|Any CPU = Debug|Any CPU
		Release|Any CPU = Release|Any CPU
	EndGlobalSection
	GlobalSection(ProjectConfigurationPlatforms) = postSolution
		{31526B45-1956-487C-A174-EF4C774615B7}.Debug|Any CPU.ActiveCfg = Debug|Any CPU
		{31526B45-1956-487C-A174-EF4C774615B7}.Debug|Any CPU.Build.0 = Debug|Any CPU
		{31526B45-1956-487C-A174-EF4C774615B7}.Debug|Any CPU.Deploy.0 = Debug|Any CPU
		{31526B45-1956-487C-A174-EF4C774615B7}.Release|Any CPU.ActiveCfg = Release|Any CPU
		{31526B45-1956-487C-A174-EF4C774615B7}.Release|Any CPU.Build.0 = Release|Any CPU
		{31526B45-1956-487C-A174-EF4C774615B7}.Release|Any CPU.Deploy.0 = Release|Any CPU
	EndGlobalSection
	GlobalSection(SolutionProperties) = preSolution
		HideSolutionNode = FALSE
	EndGlobalSection
	GlobalSection(ExtensibilityGlobals) = postSolution
		SolutionGuid = {4C494E0E-41C4-4B66-8C96-8174AE7EA3BE}
	EndGlobalSection
EndGlobal
